
Microsoft Visual Studio Solution File, Format Version 12.00
# Visual Studio 15
VisualStudioVersion = 15.0.28010.2026
MinimumVisualStudioVersion = 10.0.40219.1
Project("{FAE04EC0-301F-11D3-BF4B-00C04F79EFBC}") = "OverloadedOperator", "OverloadedOperator\OverloadedOperator.csproj", "{B5F84226-D6A4-43DD-8A53-A46F0947BF71}"
EndProject
Global
	GlobalSection(SolutionConfigurationPlatforms) = preSolution
		Debug|Any CPU = Debug|Any CPU
		Release|Any CPU = Release|Any CPU
	EndGlobalSection
	GlobalSection(ProjectConfigurationPlatforms) = postSolution
		{B5F84226-D6A4-43DD-8A53-A46F0947BF71}.Debug|Any CPU.ActiveCfg = Debug|Any CPU
		{B5F84226-D6A4-43DD-8A53-A46F0947BF71}.Debug|Any CPU.Build.0 = Debug|Any CPU
		{B5F84226-D6A4-43DD-8A53-A46F0947BF71}.Release|Any CPU.ActiveCfg = Release|Any CPU
		{B5F84226-D6A4-43DD-8A53-A46F0947BF71}.Release|Any CPU.Build.0 = Release|Any CPU
	EndGlobalSection
	GlobalSection(SolutionProperties) = preSolution
		HideSolutionNode = FALSE
	EndGlobalSection
	GlobalSection(ExtensibilityGlobals) = postSolution
		SolutionGuid = {AB234028-1CEB-4915-89A0-6BF729ADDAEA}
	EndGlobalSection
EndGlobal
