
Microsoft Visual Studio Solution File, Format Version 12.00
# Visual Studio 15
VisualStudioVersion = 15.0.28307.136
MinimumVisualStudioVersion = 10.0.40219.1
Project("{FAE04EC0-301F-11D3-BF4B-00C04F79EFBC}") = "Mod1_Lab1", "Mod1_Lab1\Mod1_Lab1.csproj", "{688D3A07-5D60-4E2E-B40D-2E9DF08A558D}"
EndProject
Global
	GlobalSection(SolutionConfigurationPlatforms) = preSolution
		Debug|Any CPU = Debug|Any CPU
		Release|Any CPU = Release|Any CPU
	EndGlobalSection
	GlobalSection(ProjectConfigurationPlatforms) = postSolution
		{688D3A07-5D60-4E2E-B40D-2E9DF08A558D}.Debug|Any CPU.ActiveCfg = Debug|Any CPU
		{688D3A07-5D60-4E2E-B40D-2E9DF08A558D}.Debug|Any CPU.Build.0 = Debug|Any CPU
		{688D3A07-5D60-4E2E-B40D-2E9DF08A558D}.Release|Any CPU.ActiveCfg = Release|Any CPU
		{688D3A07-5D60-4E2E-B40D-2E9DF08A558D}.Release|Any CPU.Build.0 = Release|Any CPU
	EndGlobalSection
	GlobalSection(SolutionProperties) = preSolution
		HideSolutionNode = FALSE
	EndGlobalSection
	GlobalSection(ExtensibilityGlobals) = postSolution
		SolutionGuid = {29760E17-581E-40F1-9E05-B7237AC839AC}
	EndGlobalSection
EndGlobal
