
Microsoft Visual Studio Solution File, Format Version 12.00
# Visual Studio 15
VisualStudioVersion = 15.0.28010.2026
MinimumVisualStudioVersion = 10.0.40219.1
Project("{FAE04EC0-301F-11D3-BF4B-00C04F79EFBC}") = "ClassAndMethod_4", "ClassAndMethod_4\ClassAndMethod_4.csproj", "{24827086-D2DC-4DCD-A963-8BB9EB8ECA25}"
EndProject
Global
	GlobalSection(SolutionConfigurationPlatforms) = preSolution
		Debug|Any CPU = Debug|Any CPU
		Release|Any CPU = Release|Any CPU
	EndGlobalSection
	GlobalSection(ProjectConfigurationPlatforms) = postSolution
		{24827086-D2DC-4DCD-A963-8BB9EB8ECA25}.Debug|Any CPU.ActiveCfg = Debug|Any CPU
		{24827086-D2DC-4DCD-A963-8BB9EB8ECA25}.Debug|Any CPU.Build.0 = Debug|Any CPU
		{24827086-D2DC-4DCD-A963-8BB9EB8ECA25}.Release|Any CPU.ActiveCfg = Release|Any CPU
		{24827086-D2DC-4DCD-A963-8BB9EB8ECA25}.Release|Any CPU.Build.0 = Release|Any CPU
	EndGlobalSection
	GlobalSection(SolutionProperties) = preSolution
		HideSolutionNode = FALSE
	EndGlobalSection
	GlobalSection(ExtensibilityGlobals) = postSolution
		SolutionGuid = {04E9A592-265B-423B-93C6-7787EFA9C29F}
	EndGlobalSection
EndGlobal
