
Microsoft Visual Studio Solution File, Format Version 12.00
# Visual Studio 15
VisualStudioVersion = 15.0.28010.2026
MinimumVisualStudioVersion = 10.0.40219.1
Project("{FAE04EC0-301F-11D3-BF4B-00C04F79EFBC}") = "MathCalculations", "MathCalculations\MathCalculations.csproj", "{DA33681C-97C3-4AC8-B0D5-19FEB8B96F86}"
EndProject
Global
	GlobalSection(SolutionConfigurationPlatforms) = preSolution
		Debug|Any CPU = Debug|Any CPU
		Release|Any CPU = Release|Any CPU
	EndGlobalSection
	GlobalSection(ProjectConfigurationPlatforms) = postSolution
		{DA33681C-97C3-4AC8-B0D5-19FEB8B96F86}.Debug|Any CPU.ActiveCfg = Debug|Any CPU
		{DA33681C-97C3-4AC8-B0D5-19FEB8B96F86}.Debug|Any CPU.Build.0 = Debug|Any CPU
		{DA33681C-97C3-4AC8-B0D5-19FEB8B96F86}.Release|Any CPU.ActiveCfg = Release|Any CPU
		{DA33681C-97C3-4AC8-B0D5-19FEB8B96F86}.Release|Any CPU.Build.0 = Release|Any CPU
	EndGlobalSection
	GlobalSection(SolutionProperties) = preSolution
		HideSolutionNode = FALSE
	EndGlobalSection
	GlobalSection(ExtensibilityGlobals) = postSolution
		SolutionGuid = {F066A095-2FF0-40BE-A019-67AD0F88F4FA}
	EndGlobalSection
EndGlobal
