
Microsoft Visual Studio Solution File, Format Version 12.00
# Visual Studio 15
VisualStudioVersion = 15.0.28010.2026
MinimumVisualStudioVersion = 10.0.40219.1
Project("{FAE04EC0-301F-11D3-BF4B-00C04F79EFBC}") = "ApprovalProgram", "ApprovalProgram\ApprovalProgram.csproj", "{B3FD710F-85BB-47C8-A4DB-23ED5471FAD8}"
EndProject
Global
	GlobalSection(SolutionConfigurationPlatforms) = preSolution
		Debug|Any CPU = Debug|Any CPU
		Release|Any CPU = Release|Any CPU
	EndGlobalSection
	GlobalSection(ProjectConfigurationPlatforms) = postSolution
		{B3FD710F-85BB-47C8-A4DB-23ED5471FAD8}.Debug|Any CPU.ActiveCfg = Debug|Any CPU
		{B3FD710F-85BB-47C8-A4DB-23ED5471FAD8}.Debug|Any CPU.Build.0 = Debug|Any CPU
		{B3FD710F-85BB-47C8-A4DB-23ED5471FAD8}.Release|Any CPU.ActiveCfg = Release|Any CPU
		{B3FD710F-85BB-47C8-A4DB-23ED5471FAD8}.Release|Any CPU.Build.0 = Release|Any CPU
	EndGlobalSection
	GlobalSection(SolutionProperties) = preSolution
		HideSolutionNode = FALSE
	EndGlobalSection
	GlobalSection(ExtensibilityGlobals) = postSolution
		SolutionGuid = {FE61D9F9-77FD-4AB6-BCDA-854E10D6CBC5}
	EndGlobalSection
EndGlobal
