
Microsoft Visual Studio Solution File, Format Version 12.00
# Visual Studio 15
VisualStudioVersion = 15.0.28010.2026
MinimumVisualStudioVersion = 10.0.40219.1
Project("{FAE04EC0-301F-11D3-BF4B-00C04F79EFBC}") = "Iteration", "Iteration\Iteration.csproj", "{906F80E3-B633-4D83-9580-4DBE9D57210B}"
EndProject
Global
	GlobalSection(SolutionConfigurationPlatforms) = preSolution
		Debug|Any CPU = Debug|Any CPU
		Release|Any CPU = Release|Any CPU
	EndGlobalSection
	GlobalSection(ProjectConfigurationPlatforms) = postSolution
		{906F80E3-B633-4D83-9580-4DBE9D57210B}.Debug|Any CPU.ActiveCfg = Debug|Any CPU
		{906F80E3-B633-4D83-9580-4DBE9D57210B}.Debug|Any CPU.Build.0 = Debug|Any CPU
		{906F80E3-B633-4D83-9580-4DBE9D57210B}.Release|Any CPU.ActiveCfg = Release|Any CPU
		{906F80E3-B633-4D83-9580-4DBE9D57210B}.Release|Any CPU.Build.0 = Release|Any CPU
	EndGlobalSection
	GlobalSection(SolutionProperties) = preSolution
		HideSolutionNode = FALSE
	EndGlobalSection
	GlobalSection(ExtensibilityGlobals) = postSolution
		SolutionGuid = {11B146FF-F2D3-4237-8DC3-9BF4FA251DF1}
	EndGlobalSection
EndGlobal
