
Microsoft Visual Studio Solution File, Format Version 12.00
# Visual Studio 15
VisualStudioVersion = 15.0.28010.2026
MinimumVisualStudioVersion = 10.0.40219.1
Project("{FAE04EC0-301F-11D3-BF4B-00C04F79EFBC}") = "AbstractClass", "AbstractClass\AbstractClass.csproj", "{A2211639-F639-4FE1-B868-6C59C8684F84}"
EndProject
Global
	GlobalSection(SolutionConfigurationPlatforms) = preSolution
		Debug|Any CPU = Debug|Any CPU
		Release|Any CPU = Release|Any CPU
	EndGlobalSection
	GlobalSection(ProjectConfigurationPlatforms) = postSolution
		{A2211639-F639-4FE1-B868-6C59C8684F84}.Debug|Any CPU.ActiveCfg = Debug|Any CPU
		{A2211639-F639-4FE1-B868-6C59C8684F84}.Debug|Any CPU.Build.0 = Debug|Any CPU
		{A2211639-F639-4FE1-B868-6C59C8684F84}.Release|Any CPU.ActiveCfg = Release|Any CPU
		{A2211639-F639-4FE1-B868-6C59C8684F84}.Release|Any CPU.Build.0 = Release|Any CPU
	EndGlobalSection
	GlobalSection(SolutionProperties) = preSolution
		HideSolutionNode = FALSE
	EndGlobalSection
	GlobalSection(ExtensibilityGlobals) = postSolution
		SolutionGuid = {8A135E15-5A92-4E39-B7E5-726318A388DA}
	EndGlobalSection
EndGlobal
